
Microsoft Visual Studio Solution File, Format Version 12.00
# Visual Studio Version 17
VisualStudioVersion = 17.14.36414.22 d17.14
MinimumVisualStudioVersion = 10.0.40219.1
Project("{FAE04EC0-301F-11D3-BF4B-00C04F79EFBC}") = "Web3-Examen2", "Web3-Examen2.csproj", "{3C05BD55-825C-4115-A32B-CBBC502AAC1D}"
EndProject
Global
	GlobalSection(SolutionConfigurationPlatforms) = preSolution
		Debug|Any CPU = Debug|Any CPU
		Release|Any CPU = Release|Any CPU
	EndGlobalSection
	GlobalSection(ProjectConfigurationPlatforms) = postSolution
		{3C05BD55-825C-4115-A32B-CBBC502AAC1D}.Debug|Any CPU.ActiveCfg = Debug|Any CPU
		{3C05BD55-825C-4115-A32B-CBBC502AAC1D}.Debug|Any CPU.Build.0 = Debug|Any CPU
		{3C05BD55-825C-4115-A32B-CBBC502AAC1D}.Release|Any CPU.ActiveCfg = Release|Any CPU
		{3C05BD55-825C-4115-A32B-CBBC502AAC1D}.Release|Any CPU.Build.0 = Release|Any CPU
	EndGlobalSection
	GlobalSection(SolutionProperties) = preSolution
		HideSolutionNode = FALSE
	EndGlobalSection
	GlobalSection(ExtensibilityGlobals) = postSolution
		SolutionGuid = {400024D8-E145-4848-8053-2C481243C3E2}
	EndGlobalSection
EndGlobal
